
Microsoft Visual Studio Solution File, Format Version 11.00
# Visual Studio 2010
Project("{8BC9CEB8-8B4A-11D0-8D11-00A0C91BC942}") = "TrackColour", "TrackColour.vcxproj", "{AAB7D96A-723A-4179-9117-3173FDCA8665}"
EndProject
Global
	GlobalSection(SolutionConfigurationPlatforms) = preSolution
		Debug|Win32 = Debug|Win32
		Release|Win32 = Release|Win32
	EndGlobalSection
	GlobalSection(ProjectConfigurationPlatforms) = postSolution
		{AAB7D96A-723A-4179-9117-3173FDCA8665}.Debug|Win32.ActiveCfg = Debug|Win32
		{AAB7D96A-723A-4179-9117-3173FDCA8665}.Debug|Win32.Build.0 = Debug|Win32
		{AAB7D96A-723A-4179-9117-3173FDCA8665}.Release|Win32.ActiveCfg = Release|Win32
		{AAB7D96A-723A-4179-9117-3173FDCA8665}.Release|Win32.Build.0 = Release|Win32
	EndGlobalSection
	GlobalSection(SolutionProperties) = preSolution
		HideSolutionNode = FALSE
	EndGlobalSection
EndGlobal
